
Microsoft Visual Studio Solution File, Format Version 12.00
# Visual Studio 15
VisualStudioVersion = 15.0.28010.2041
MinimumVisualStudioVersion = 10.0.40219.1
Project("{FAE04EC0-301F-11D3-BF4B-00C04F79EFBC}") = "SportsStore.Domain", "SportsStore.Domain\SportsStore.Domain.csproj", "{08955371-6CC3-4CCF-B75A-28134A997B83}"
EndProject
Project("{FAE04EC0-301F-11D3-BF4B-00C04F79EFBC}") = "SportsStore.WebUI", "SportsStore.WebUI\SportsStore.WebUI.csproj", "{CF03E5FA-8DA0-4E39-AAC0-86B23ACEE99C}"
EndProject
Project("{FAE04EC0-301F-11D3-BF4B-00C04F79EFBC}") = "SportsStore.UnitTests", "SportsStore.UnitTests\SportsStore.UnitTests.csproj", "{917605ED-391C-49D6-9E7B-B8294BB05070}"
EndProject
Global
	GlobalSection(SolutionConfigurationPlatforms) = preSolution
		Debug|Any CPU = Debug|Any CPU
		Release|Any CPU = Release|Any CPU
	EndGlobalSection
	GlobalSection(ProjectConfigurationPlatforms) = postSolution
		{08955371-6CC3-4CCF-B75A-28134A997B83}.Debug|Any CPU.ActiveCfg = Debug|Any CPU
		{08955371-6CC3-4CCF-B75A-28134A997B83}.Debug|Any CPU.Build.0 = Debug|Any CPU
		{08955371-6CC3-4CCF-B75A-28134A997B83}.Release|Any CPU.ActiveCfg = Release|Any CPU
		{08955371-6CC3-4CCF-B75A-28134A997B83}.Release|Any CPU.Build.0 = Release|Any CPU
		{CF03E5FA-8DA0-4E39-AAC0-86B23ACEE99C}.Debug|Any CPU.ActiveCfg = Debug|Any CPU
		{CF03E5FA-8DA0-4E39-AAC0-86B23ACEE99C}.Debug|Any CPU.Build.0 = Debug|Any CPU
		{CF03E5FA-8DA0-4E39-AAC0-86B23ACEE99C}.Release|Any CPU.ActiveCfg = Release|Any CPU
		{CF03E5FA-8DA0-4E39-AAC0-86B23ACEE99C}.Release|Any CPU.Build.0 = Release|Any CPU
		{917605ED-391C-49D6-9E7B-B8294BB05070}.Debug|Any CPU.ActiveCfg = Debug|Any CPU
		{917605ED-391C-49D6-9E7B-B8294BB05070}.Debug|Any CPU.Build.0 = Debug|Any CPU
		{917605ED-391C-49D6-9E7B-B8294BB05070}.Release|Any CPU.ActiveCfg = Release|Any CPU
		{917605ED-391C-49D6-9E7B-B8294BB05070}.Release|Any CPU.Build.0 = Release|Any CPU
	EndGlobalSection
	GlobalSection(SolutionProperties) = preSolution
		HideSolutionNode = FALSE
	EndGlobalSection
	GlobalSection(ExtensibilityGlobals) = postSolution
		SolutionGuid = {50839FDF-DC40-4307-8006-3C5D0BF5B7EA}
	EndGlobalSection
EndGlobal
